
Microsoft Visual Studio Solution File, Format Version 12.00
# Visual Studio 15
VisualStudioVersion = 15.0.28307.421
MinimumVisualStudioVersion = 10.0.40219.1
Project("{9A19103F-16F7-4668-BE54-9A1E7A4F7556}") = "LeadTheWay", "LeadTheWay\LeadTheWay.csproj", "{7A465D7C-30A6-45EB-99DD-F4C0CEA3E969}"
EndProject
Project("{FAE04EC0-301F-11D3-BF4B-00C04F79EFBC}") = "LeadTheWay.Tests", "LeadTheWay.Tests\LeadTheWay.Tests.csproj", "{8DF2229C-C44F-47EC-8E54-65B9CBE2582D}"
EndProject
Global
	GlobalSection(SolutionConfigurationPlatforms) = preSolution
		Debug|Any CPU = Debug|Any CPU
		Release|Any CPU = Release|Any CPU
	EndGlobalSection
	GlobalSection(ProjectConfigurationPlatforms) = postSolution
		{7A465D7C-30A6-45EB-99DD-F4C0CEA3E969}.Debug|Any CPU.ActiveCfg = Debug|Any CPU
		{7A465D7C-30A6-45EB-99DD-F4C0CEA3E969}.Debug|Any CPU.Build.0 = Debug|Any CPU
		{7A465D7C-30A6-45EB-99DD-F4C0CEA3E969}.Release|Any CPU.ActiveCfg = Release|Any CPU
		{7A465D7C-30A6-45EB-99DD-F4C0CEA3E969}.Release|Any CPU.Build.0 = Release|Any CPU
		{8DF2229C-C44F-47EC-8E54-65B9CBE2582D}.Debug|Any CPU.ActiveCfg = Debug|Any CPU
		{8DF2229C-C44F-47EC-8E54-65B9CBE2582D}.Debug|Any CPU.Build.0 = Debug|Any CPU
		{8DF2229C-C44F-47EC-8E54-65B9CBE2582D}.Release|Any CPU.ActiveCfg = Release|Any CPU
		{8DF2229C-C44F-47EC-8E54-65B9CBE2582D}.Release|Any CPU.Build.0 = Release|Any CPU
	EndGlobalSection
	GlobalSection(SolutionProperties) = preSolution
		HideSolutionNode = FALSE
	EndGlobalSection
	GlobalSection(ExtensibilityGlobals) = postSolution
		SolutionGuid = {55561418-CB8F-4372-85B7-D481723FE4B4}
	EndGlobalSection
EndGlobal
